
Microsoft Visual Studio Solution File, Format Version 12.00
# Visual Studio 15
VisualStudioVersion = 15.0.26906.1
MinimumVisualStudioVersion = 10.0.40219.1
Project("{FAE04EC0-301F-11D3-BF4B-00C04F79EFBC}") = "Kata20170921_BreakCamelCase", "Kata20170921_BreakCamelCase\Kata20170921_BreakCamelCase.csproj", "{ECA8A653-E019-416B-A710-9B8C8F2E1DB2}"
EndProject
Global
	GlobalSection(SolutionConfigurationPlatforms) = preSolution
		Debug|Any CPU = Debug|Any CPU
		Release|Any CPU = Release|Any CPU
	EndGlobalSection
	GlobalSection(ProjectConfigurationPlatforms) = postSolution
		{ECA8A653-E019-416B-A710-9B8C8F2E1DB2}.Debug|Any CPU.ActiveCfg = Debug|Any CPU
		{ECA8A653-E019-416B-A710-9B8C8F2E1DB2}.Debug|Any CPU.Build.0 = Debug|Any CPU
		{ECA8A653-E019-416B-A710-9B8C8F2E1DB2}.Release|Any CPU.ActiveCfg = Release|Any CPU
		{ECA8A653-E019-416B-A710-9B8C8F2E1DB2}.Release|Any CPU.Build.0 = Release|Any CPU
	EndGlobalSection
	GlobalSection(SolutionProperties) = preSolution
		HideSolutionNode = FALSE
	EndGlobalSection
	GlobalSection(ExtensibilityGlobals) = postSolution
		SolutionGuid = {77E9C906-1677-45FA-84C6-F773D0DE3C76}
	EndGlobalSection
	GlobalSection(CodealikeProperties) = postSolution
		SolutionGuid = 960b18db-7936-4955-ac90-e62a04ffba81
	EndGlobalSection
EndGlobal
